
Microsoft Visual Studio Solution File, Format Version 12.00
# Visual Studio Version 17
VisualStudioVersion = 17.14.36705.20 d17.14
MinimumVisualStudioVersion = 10.0.40219.1
Project("{FAE04EC0-301F-11D3-BF4B-00C04F79EFBC}") = "DevCompany.Domain", "src\DevCompany.Domain\DevCompany.Domain.csproj", "{4690939F-2EC2-4EB6-B5D0-181CBD063EE7}"
EndProject
Project("{2150E333-8FDC-42A3-9474-1A3956D46DE8}") = "src", "src", "{36D591C7-65C7-A0D1-1CBC-10CDE441BDC8}"
EndProject
Project("{FAE04EC0-301F-11D3-BF4B-00C04F79EFBC}") = "DevCompany.Application", "src\DevCompany.Application\DevCompany.Application.csproj", "{66791481-ACD6-44F3-A8BA-1F6DEEB79235}"
	ProjectSection(ProjectDependencies) = postProject
		{55DC7BD8-18CF-458B-92E9-64C6A57CC5B2} = {55DC7BD8-18CF-458B-92E9-64C6A57CC5B2}
	EndProjectSection
EndProject
Project("{FAE04EC0-301F-11D3-BF4B-00C04F79EFBC}") = "DevCompany.Infrastructure", "src\DevCompany.Infrastructure\DevCompany.Infrastructure.csproj", "{E3E354F4-E42D-4981-93B8-093ACB658BFA}"
	ProjectSection(ProjectDependencies) = postProject
		{55DC7BD8-18CF-458B-92E9-64C6A57CC5B2} = {55DC7BD8-18CF-458B-92E9-64C6A57CC5B2}
	EndProjectSection
EndProject
Project("{FAE04EC0-301F-11D3-BF4B-00C04F79EFBC}") = "DevCompany.Presentation", "src\DevCompany.Presentation\DevCompany.Presentation.csproj", "{802DC355-2EE9-4567-821D-8499E0F1ADD0}"
EndProject
Project("{FAE04EC0-301F-11D3-BF4B-00C04F79EFBC}") = "DevCompany.Contracts", "src\DevCompany.Contracts\DevCompany.Contracts.csproj", "{3080F564-8850-4EE1-8D03-D0F75D6087CF}"
EndProject
Project("{2150E333-8FDC-42A3-9474-1A3956D46DE8}") = "Элементы решения", "Элементы решения", "{754FC069-D67B-A9D7-50A1-8D1CA196D8F1}"
	ProjectSection(SolutionItems) = preProject
		.editorconfig = .editorconfig
		docker-compose.yml = docker-compose.yml
	EndProjectSection
EndProject
Project("{FAE04EC0-301F-11D3-BF4B-00C04F79EFBC}") = "DevCompany.Shared", "src\DevCompany.Shared\DevCompany.Shared.csproj", "{55DC7BD8-18CF-458B-92E9-64C6A57CC5B2}"
EndProject
Global
	GlobalSection(SolutionConfigurationPlatforms) = preSolution
		Debug|Any CPU = Debug|Any CPU
		Debug|x64 = Debug|x64
		Debug|x86 = Debug|x86
		Release|Any CPU = Release|Any CPU
		Release|x64 = Release|x64
		Release|x86 = Release|x86
	EndGlobalSection
	GlobalSection(ProjectConfigurationPlatforms) = postSolution
		{4690939F-2EC2-4EB6-B5D0-181CBD063EE7}.Debug|Any CPU.ActiveCfg = Debug|Any CPU
		{4690939F-2EC2-4EB6-B5D0-181CBD063EE7}.Debug|Any CPU.Build.0 = Debug|Any CPU
		{4690939F-2EC2-4EB6-B5D0-181CBD063EE7}.Debug|x64.ActiveCfg = Debug|Any CPU
		{4690939F-2EC2-4EB6-B5D0-181CBD063EE7}.Debug|x64.Build.0 = Debug|Any CPU
		{4690939F-2EC2-4EB6-B5D0-181CBD063EE7}.Debug|x86.ActiveCfg = Debug|Any CPU
		{4690939F-2EC2-4EB6-B5D0-181CBD063EE7}.Debug|x86.Build.0 = Debug|Any CPU
		{4690939F-2EC2-4EB6-B5D0-181CBD063EE7}.Release|Any CPU.ActiveCfg = Release|Any CPU
		{4690939F-2EC2-4EB6-B5D0-181CBD063EE7}.Release|Any CPU.Build.0 = Release|Any CPU
		{4690939F-2EC2-4EB6-B5D0-181CBD063EE7}.Release|x64.ActiveCfg = Release|Any CPU
		{4690939F-2EC2-4EB6-B5D0-181CBD063EE7}.Release|x64.Build.0 = Release|Any CPU
		{4690939F-2EC2-4EB6-B5D0-181CBD063EE7}.Release|x86.ActiveCfg = Release|Any CPU
		{4690939F-2EC2-4EB6-B5D0-181CBD063EE7}.Release|x86.Build.0 = Release|Any CPU
		{66791481-ACD6-44F3-A8BA-1F6DEEB79235}.Debug|Any CPU.ActiveCfg = Debug|Any CPU
		{66791481-ACD6-44F3-A8BA-1F6DEEB79235}.Debug|Any CPU.Build.0 = Debug|Any CPU
		{66791481-ACD6-44F3-A8BA-1F6DEEB79235}.Debug|x64.ActiveCfg = Debug|Any CPU
		{66791481-ACD6-44F3-A8BA-1F6DEEB79235}.Debug|x64.Build.0 = Debug|Any CPU
		{66791481-ACD6-44F3-A8BA-1F6DEEB79235}.Debug|x86.ActiveCfg = Debug|Any CPU
		{66791481-ACD6-44F3-A8BA-1F6DEEB79235}.Debug|x86.Build.0 = Debug|Any CPU
		{66791481-ACD6-44F3-A8BA-1F6DEEB79235}.Release|Any CPU.ActiveCfg = Release|Any CPU
		{66791481-ACD6-44F3-A8BA-1F6DEEB79235}.Release|Any CPU.Build.0 = Release|Any CPU
		{66791481-ACD6-44F3-A8BA-1F6DEEB79235}.Release|x64.ActiveCfg = Release|Any CPU
		{66791481-ACD6-44F3-A8BA-1F6DEEB79235}.Release|x64.Build.0 = Release|Any CPU
		{66791481-ACD6-44F3-A8BA-1F6DEEB79235}.Release|x86.ActiveCfg = Release|Any CPU
		{66791481-ACD6-44F3-A8BA-1F6DEEB79235}.Release|x86.Build.0 = Release|Any CPU
		{E3E354F4-E42D-4981-93B8-093ACB658BFA}.Debug|Any CPU.ActiveCfg = Debug|Any CPU
		{E3E354F4-E42D-4981-93B8-093ACB658BFA}.Debug|Any CPU.Build.0 = Debug|Any CPU
		{E3E354F4-E42D-4981-93B8-093ACB658BFA}.Debug|x64.ActiveCfg = Debug|Any CPU
		{E3E354F4-E42D-4981-93B8-093ACB658BFA}.Debug|x64.Build.0 = Debug|Any CPU
		{E3E354F4-E42D-4981-93B8-093ACB658BFA}.Debug|x86.ActiveCfg = Debug|Any CPU
		{E3E354F4-E42D-4981-93B8-093ACB658BFA}.Debug|x86.Build.0 = Debug|Any CPU
		{E3E354F4-E42D-4981-93B8-093ACB658BFA}.Release|Any CPU.ActiveCfg = Release|Any CPU
		{E3E354F4-E42D-4981-93B8-093ACB658BFA}.Release|Any CPU.Build.0 = Release|Any CPU
		{E3E354F4-E42D-4981-93B8-093ACB658BFA}.Release|x64.ActiveCfg = Release|Any CPU
		{E3E354F4-E42D-4981-93B8-093ACB658BFA}.Release|x64.Build.0 = Release|Any CPU
		{E3E354F4-E42D-4981-93B8-093ACB658BFA}.Release|x86.ActiveCfg = Release|Any CPU
		{E3E354F4-E42D-4981-93B8-093ACB658BFA}.Release|x86.Build.0 = Release|Any CPU
		{802DC355-2EE9-4567-821D-8499E0F1ADD0}.Debug|Any CPU.ActiveCfg = Debug|Any CPU
		{802DC355-2EE9-4567-821D-8499E0F1ADD0}.Debug|Any CPU.Build.0 = Debug|Any CPU
		{802DC355-2EE9-4567-821D-8499E0F1ADD0}.Debug|x64.ActiveCfg = Debug|Any CPU
		{802DC355-2EE9-4567-821D-8499E0F1ADD0}.Debug|x64.Build.0 = Debug|Any CPU
		{802DC355-2EE9-4567-821D-8499E0F1ADD0}.Debug|x86.ActiveCfg = Debug|Any CPU
		{802DC355-2EE9-4567-821D-8499E0F1ADD0}.Debug|x86.Build.0 = Debug|Any CPU
		{802DC355-2EE9-4567-821D-8499E0F1ADD0}.Release|Any CPU.ActiveCfg = Release|Any CPU
		{802DC355-2EE9-4567-821D-8499E0F1ADD0}.Release|Any CPU.Build.0 = Release|Any CPU
		{802DC355-2EE9-4567-821D-8499E0F1ADD0}.Release|x64.ActiveCfg = Release|Any CPU
		{802DC355-2EE9-4567-821D-8499E0F1ADD0}.Release|x64.Build.0 = Release|Any CPU
		{802DC355-2EE9-4567-821D-8499E0F1ADD0}.Release|x86.ActiveCfg = Release|Any CPU
		{802DC355-2EE9-4567-821D-8499E0F1ADD0}.Release|x86.Build.0 = Release|Any CPU
		{3080F564-8850-4EE1-8D03-D0F75D6087CF}.Debug|Any CPU.ActiveCfg = Debug|Any CPU
		{3080F564-8850-4EE1-8D03-D0F75D6087CF}.Debug|Any CPU.Build.0 = Debug|Any CPU
		{3080F564-8850-4EE1-8D03-D0F75D6087CF}.Debug|x64.ActiveCfg = Debug|Any CPU
		{3080F564-8850-4EE1-8D03-D0F75D6087CF}.Debug|x64.Build.0 = Debug|Any CPU
		{3080F564-8850-4EE1-8D03-D0F75D6087CF}.Debug|x86.ActiveCfg = Debug|Any CPU
		{3080F564-8850-4EE1-8D03-D0F75D6087CF}.Debug|x86.Build.0 = Debug|Any CPU
		{3080F564-8850-4EE1-8D03-D0F75D6087CF}.Release|Any CPU.ActiveCfg = Release|Any CPU
		{3080F564-8850-4EE1-8D03-D0F75D6087CF}.Release|Any CPU.Build.0 = Release|Any CPU
		{3080F564-8850-4EE1-8D03-D0F75D6087CF}.Release|x64.ActiveCfg = Release|Any CPU
		{3080F564-8850-4EE1-8D03-D0F75D6087CF}.Release|x64.Build.0 = Release|Any CPU
		{3080F564-8850-4EE1-8D03-D0F75D6087CF}.Release|x86.ActiveCfg = Release|Any CPU
		{3080F564-8850-4EE1-8D03-D0F75D6087CF}.Release|x86.Build.0 = Release|Any CPU
		{55DC7BD8-18CF-458B-92E9-64C6A57CC5B2}.Debug|Any CPU.ActiveCfg = Debug|Any CPU
		{55DC7BD8-18CF-458B-92E9-64C6A57CC5B2}.Debug|Any CPU.Build.0 = Debug|Any CPU
		{55DC7BD8-18CF-458B-92E9-64C6A57CC5B2}.Debug|x64.ActiveCfg = Debug|Any CPU
		{55DC7BD8-18CF-458B-92E9-64C6A57CC5B2}.Debug|x64.Build.0 = Debug|Any CPU
		{55DC7BD8-18CF-458B-92E9-64C6A57CC5B2}.Debug|x86.ActiveCfg = Debug|Any CPU
		{55DC7BD8-18CF-458B-92E9-64C6A57CC5B2}.Debug|x86.Build.0 = Debug|Any CPU
		{55DC7BD8-18CF-458B-92E9-64C6A57CC5B2}.Release|Any CPU.ActiveCfg = Release|Any CPU
		{55DC7BD8-18CF-458B-92E9-64C6A57CC5B2}.Release|Any CPU.Build.0 = Release|Any CPU
		{55DC7BD8-18CF-458B-92E9-64C6A57CC5B2}.Release|x64.ActiveCfg = Release|Any CPU
		{55DC7BD8-18CF-458B-92E9-64C6A57CC5B2}.Release|x64.Build.0 = Release|Any CPU
		{55DC7BD8-18CF-458B-92E9-64C6A57CC5B2}.Release|x86.ActiveCfg = Release|Any CPU
		{55DC7BD8-18CF-458B-92E9-64C6A57CC5B2}.Release|x86.Build.0 = Release|Any CPU
	EndGlobalSection
	GlobalSection(SolutionProperties) = preSolution
		HideSolutionNode = FALSE
	EndGlobalSection
	GlobalSection(NestedProjects) = preSolution
		{4690939F-2EC2-4EB6-B5D0-181CBD063EE7} = {36D591C7-65C7-A0D1-1CBC-10CDE441BDC8}
		{66791481-ACD6-44F3-A8BA-1F6DEEB79235} = {36D591C7-65C7-A0D1-1CBC-10CDE441BDC8}
		{E3E354F4-E42D-4981-93B8-093ACB658BFA} = {36D591C7-65C7-A0D1-1CBC-10CDE441BDC8}
		{802DC355-2EE9-4567-821D-8499E0F1ADD0} = {36D591C7-65C7-A0D1-1CBC-10CDE441BDC8}
		{3080F564-8850-4EE1-8D03-D0F75D6087CF} = {36D591C7-65C7-A0D1-1CBC-10CDE441BDC8}
		{55DC7BD8-18CF-458B-92E9-64C6A57CC5B2} = {36D591C7-65C7-A0D1-1CBC-10CDE441BDC8}
	EndGlobalSection
	GlobalSection(ExtensibilityGlobals) = postSolution
		SolutionGuid = {97C5C8E6-B77B-4ABD-AED7-FECD9DC1F2B0}
	EndGlobalSection
EndGlobal
